
Microsoft Visual Studio Solution File, Format Version 12.00
# Visual Studio Version 17
VisualStudioVersion = 17.7.34024.191
MinimumVisualStudioVersion = 10.0.40219.1
Project("{FAE04EC0-301F-11D3-BF4B-00C04F79EFBC}") = "VARIABLES", "VARIABLES.csproj", "{904ECB48-B61E-44D1-858F-D280CEB2EC9A}"
EndProject
Global
	GlobalSection(SolutionConfigurationPlatforms) = preSolution
		Debug|Any CPU = Debug|Any CPU
		Release|Any CPU = Release|Any CPU
	EndGlobalSection
	GlobalSection(ProjectConfigurationPlatforms) = postSolution
		{904ECB48-B61E-44D1-858F-D280CEB2EC9A}.Debug|Any CPU.ActiveCfg = Debug|Any CPU
		{904ECB48-B61E-44D1-858F-D280CEB2EC9A}.Debug|Any CPU.Build.0 = Debug|Any CPU
		{904ECB48-B61E-44D1-858F-D280CEB2EC9A}.Release|Any CPU.ActiveCfg = Release|Any CPU
		{904ECB48-B61E-44D1-858F-D280CEB2EC9A}.Release|Any CPU.Build.0 = Release|Any CPU
	EndGlobalSection
	GlobalSection(SolutionProperties) = preSolution
		HideSolutionNode = FALSE
	EndGlobalSection
	GlobalSection(ExtensibilityGlobals) = postSolution
		SolutionGuid = {78B81FD4-F790-4BBE-BE6E-C4A6692E7FD8}
	EndGlobalSection
EndGlobal
